
Microsoft Visual Studio Solution File, Format Version 12.00
# Visual Studio 15
VisualStudioVersion = 15.0.26730.12
MinimumVisualStudioVersion = 10.0.40219.1
Project("{FAE04EC0-301F-11D3-BF4B-00C04F79EFBC}") = "PripremaTest1", "PripremaTest1\PripremaTest1.csproj", "{930D5FA5-3EE8-44DF-A4DE-91D5E01DB97C}"
EndProject
Global
	GlobalSection(SolutionConfigurationPlatforms) = preSolution
		Debug|Any CPU = Debug|Any CPU
		Release|Any CPU = Release|Any CPU
	EndGlobalSection
	GlobalSection(ProjectConfigurationPlatforms) = postSolution
		{930D5FA5-3EE8-44DF-A4DE-91D5E01DB97C}.Debug|Any CPU.ActiveCfg = Debug|Any CPU
		{930D5FA5-3EE8-44DF-A4DE-91D5E01DB97C}.Debug|Any CPU.Build.0 = Debug|Any CPU
		{930D5FA5-3EE8-44DF-A4DE-91D5E01DB97C}.Release|Any CPU.ActiveCfg = Release|Any CPU
		{930D5FA5-3EE8-44DF-A4DE-91D5E01DB97C}.Release|Any CPU.Build.0 = Release|Any CPU
	EndGlobalSection
	GlobalSection(SolutionProperties) = preSolution
		HideSolutionNode = FALSE
	EndGlobalSection
	GlobalSection(ExtensibilityGlobals) = postSolution
		SolutionGuid = {59E50E8E-0E83-4D89-9140-51D7A5815816}
	EndGlobalSection
EndGlobal
